
Microsoft Visual Studio Solution File, Format Version 12.00
# Visual Studio Version 17
VisualStudioVersion = 17.0.32112.339
MinimumVisualStudioVersion = 10.0.40219.1
Project("{9A19103F-16F7-4668-BE54-9A1E7A4F7556}") = "SNHU Search", "SNHU Search\SNHU Search.csproj", "{F1BE838C-C428-4CAB-A8D2-F18ECC558AF3}"
EndProject
Project("{2150E333-8FDC-42A3-9474-1A3956D46DE8}") = "DevExtreme NuGet.config", "DevExtreme NuGet.config", "{9CABA265-9C42-44AE-8217-AEBAE5B23602}"
	ProjectSection(SolutionItems) = preProject
		NuGet.config = NuGet.config
	EndProjectSection
EndProject
Global
	GlobalSection(SolutionConfigurationPlatforms) = preSolution
		Debug|Any CPU = Debug|Any CPU
		Release|Any CPU = Release|Any CPU
	EndGlobalSection
	GlobalSection(ProjectConfigurationPlatforms) = postSolution
		{F1BE838C-C428-4CAB-A8D2-F18ECC558AF3}.Debug|Any CPU.ActiveCfg = Debug|Any CPU
		{F1BE838C-C428-4CAB-A8D2-F18ECC558AF3}.Debug|Any CPU.Build.0 = Debug|Any CPU
		{F1BE838C-C428-4CAB-A8D2-F18ECC558AF3}.Release|Any CPU.ActiveCfg = Release|Any CPU
		{F1BE838C-C428-4CAB-A8D2-F18ECC558AF3}.Release|Any CPU.Build.0 = Release|Any CPU
	EndGlobalSection
	GlobalSection(SolutionProperties) = preSolution
		HideSolutionNode = FALSE
	EndGlobalSection
	GlobalSection(ExtensibilityGlobals) = postSolution
		SolutionGuid = {A4FD7B32-9A66-4D1C-B8C3-49B184BE67AE}
	EndGlobalSection
EndGlobal
